
Microsoft Visual Studio Solution File, Format Version 12.00
# Visual Studio Version 16
VisualStudioVersion = 16.0.31911.196
MinimumVisualStudioVersion = 10.0.40219.1
Project("{FAE04EC0-301F-11D3-BF4B-00C04F79EFBC}") = "StarWars", "StarWars\StarWars.csproj", "{BB8DF34A-839A-453E-A830-C0DBF41313EA}"
EndProject
Global
	GlobalSection(SolutionConfigurationPlatforms) = preSolution
		Debug|Any CPU = Debug|Any CPU
		Release|Any CPU = Release|Any CPU
	EndGlobalSection
	GlobalSection(ProjectConfigurationPlatforms) = postSolution
		{BB8DF34A-839A-453E-A830-C0DBF41313EA}.Debug|Any CPU.ActiveCfg = Debug|Any CPU
		{BB8DF34A-839A-453E-A830-C0DBF41313EA}.Debug|Any CPU.Build.0 = Debug|Any CPU
		{BB8DF34A-839A-453E-A830-C0DBF41313EA}.Release|Any CPU.ActiveCfg = Release|Any CPU
		{BB8DF34A-839A-453E-A830-C0DBF41313EA}.Release|Any CPU.Build.0 = Release|Any CPU
	EndGlobalSection
	GlobalSection(SolutionProperties) = preSolution
		HideSolutionNode = FALSE
	EndGlobalSection
	GlobalSection(ExtensibilityGlobals) = postSolution
		SolutionGuid = {0517878D-8076-410C-A1B1-8DEB907A00D4}
	EndGlobalSection
EndGlobal
